
Microsoft Visual Studio Solution File, Format Version 12.00
# Visual Studio Version 17
VisualStudioVersion = 17.5.2.0
MinimumVisualStudioVersion = 10.0.40219.1
Project("{2150E333-8FDC-42A3-9474-1A3956D46DE8}") = "src", "src", "{827E0CD3-B72D-47B6-A68D-7590B98EB39B}"
EndProject
Project("{FAE04EC0-301F-11D3-BF4B-00C04F79EFBC}") = "lexer", "src\lexer\lexer.csproj", "{522EE01F-BC87-495A-8818-B1C20A7BF03B}"
EndProject
Project("{FAE04EC0-301F-11D3-BF4B-00C04F79EFBC}") = "core", "src\core\core.csproj", "{E3E294BB-9206-4803-A6FF-85667C38C2AA}"
EndProject
Project("{FAE04EC0-301F-11D3-BF4B-00C04F79EFBC}") = "parser", "src\parser\parser.csproj", "{B8B11013-43DA-4848-BC57-C026568F33B5}"
EndProject
Project("{FAE04EC0-301F-11D3-BF4B-00C04F79EFBC}") = "sqlgenerator", "src\sqlgenerator\sqlgenerator.csproj", "{A9A2CF03-A4B9-4F7D-B921-B88E23B05D42}"
EndProject
Project("{FAE04EC0-301F-11D3-BF4B-00C04F79EFBC}") = "tests", "tests\tests.csproj", "{702F324B-ADB3-4945-A5EF-4791D1AD72E7}"
EndProject
Project("{FAE04EC0-301F-11D3-BF4B-00C04F79EFBC}") = "transpiler", "src\transpiler\transpiler.csproj", "{6B7D4109-0082-406B-AE2F-61BE4F1946D4}"
EndProject
Project("{2150E333-8FDC-42A3-9474-1A3956D46DE8}") = "playground", "playground", "{9123F88B-E531-3118-42D7-ED8CEF4BD00E}"
EndProject
Project("{FAE04EC0-301F-11D3-BF4B-00C04F79EFBC}") = "cli", "playground\cli\cli.csproj", "{EAB1F5B4-2DA1-4ECC-A0DD-25BE91BB85B6}"
EndProject
Project("{FAE04EC0-301F-11D3-BF4B-00C04F79EFBC}") = "webBlazor", "playground\webBlazor\webBlazor.csproj", "{4DD288FB-F47D-47AE-A712-B451239716D8}"
EndProject
Project("{FAE04EC0-301F-11D3-BF4B-00C04F79EFBC}") = "transformer", "src\transformer\transformer.csproj", "{484E97B4-1505-49B9-A21F-B8B649D61BE9}"
EndProject
Global
	GlobalSection(SolutionConfigurationPlatforms) = preSolution
		Debug|Any CPU = Debug|Any CPU
		Debug|x64 = Debug|x64
		Debug|x86 = Debug|x86
		Release|Any CPU = Release|Any CPU
		Release|x64 = Release|x64
		Release|x86 = Release|x86
	EndGlobalSection
	GlobalSection(ProjectConfigurationPlatforms) = postSolution
		{522EE01F-BC87-495A-8818-B1C20A7BF03B}.Debug|Any CPU.ActiveCfg = Debug|Any CPU
		{522EE01F-BC87-495A-8818-B1C20A7BF03B}.Debug|Any CPU.Build.0 = Debug|Any CPU
		{522EE01F-BC87-495A-8818-B1C20A7BF03B}.Debug|x64.ActiveCfg = Debug|Any CPU
		{522EE01F-BC87-495A-8818-B1C20A7BF03B}.Debug|x64.Build.0 = Debug|Any CPU
		{522EE01F-BC87-495A-8818-B1C20A7BF03B}.Debug|x86.ActiveCfg = Debug|Any CPU
		{522EE01F-BC87-495A-8818-B1C20A7BF03B}.Debug|x86.Build.0 = Debug|Any CPU
		{522EE01F-BC87-495A-8818-B1C20A7BF03B}.Release|Any CPU.ActiveCfg = Release|Any CPU
		{522EE01F-BC87-495A-8818-B1C20A7BF03B}.Release|Any CPU.Build.0 = Release|Any CPU
		{522EE01F-BC87-495A-8818-B1C20A7BF03B}.Release|x64.ActiveCfg = Release|Any CPU
		{522EE01F-BC87-495A-8818-B1C20A7BF03B}.Release|x64.Build.0 = Release|Any CPU
		{522EE01F-BC87-495A-8818-B1C20A7BF03B}.Release|x86.ActiveCfg = Release|Any CPU
		{522EE01F-BC87-495A-8818-B1C20A7BF03B}.Release|x86.Build.0 = Release|Any CPU
		{E3E294BB-9206-4803-A6FF-85667C38C2AA}.Debug|Any CPU.ActiveCfg = Debug|Any CPU
		{E3E294BB-9206-4803-A6FF-85667C38C2AA}.Debug|Any CPU.Build.0 = Debug|Any CPU
		{E3E294BB-9206-4803-A6FF-85667C38C2AA}.Debug|x64.ActiveCfg = Debug|Any CPU
		{E3E294BB-9206-4803-A6FF-85667C38C2AA}.Debug|x64.Build.0 = Debug|Any CPU
		{E3E294BB-9206-4803-A6FF-85667C38C2AA}.Debug|x86.ActiveCfg = Debug|Any CPU
		{E3E294BB-9206-4803-A6FF-85667C38C2AA}.Debug|x86.Build.0 = Debug|Any CPU
		{E3E294BB-9206-4803-A6FF-85667C38C2AA}.Release|Any CPU.ActiveCfg = Release|Any CPU
		{E3E294BB-9206-4803-A6FF-85667C38C2AA}.Release|Any CPU.Build.0 = Release|Any CPU
		{E3E294BB-9206-4803-A6FF-85667C38C2AA}.Release|x64.ActiveCfg = Release|Any CPU
		{E3E294BB-9206-4803-A6FF-85667C38C2AA}.Release|x64.Build.0 = Release|Any CPU
		{E3E294BB-9206-4803-A6FF-85667C38C2AA}.Release|x86.ActiveCfg = Release|Any CPU
		{E3E294BB-9206-4803-A6FF-85667C38C2AA}.Release|x86.Build.0 = Release|Any CPU
		{B8B11013-43DA-4848-BC57-C026568F33B5}.Debug|Any CPU.ActiveCfg = Debug|Any CPU
		{B8B11013-43DA-4848-BC57-C026568F33B5}.Debug|Any CPU.Build.0 = Debug|Any CPU
		{B8B11013-43DA-4848-BC57-C026568F33B5}.Debug|x64.ActiveCfg = Debug|Any CPU
		{B8B11013-43DA-4848-BC57-C026568F33B5}.Debug|x64.Build.0 = Debug|Any CPU
		{B8B11013-43DA-4848-BC57-C026568F33B5}.Debug|x86.ActiveCfg = Debug|Any CPU
		{B8B11013-43DA-4848-BC57-C026568F33B5}.Debug|x86.Build.0 = Debug|Any CPU
		{B8B11013-43DA-4848-BC57-C026568F33B5}.Release|Any CPU.ActiveCfg = Release|Any CPU
		{B8B11013-43DA-4848-BC57-C026568F33B5}.Release|Any CPU.Build.0 = Release|Any CPU
		{B8B11013-43DA-4848-BC57-C026568F33B5}.Release|x64.ActiveCfg = Release|Any CPU
		{B8B11013-43DA-4848-BC57-C026568F33B5}.Release|x64.Build.0 = Release|Any CPU
		{B8B11013-43DA-4848-BC57-C026568F33B5}.Release|x86.ActiveCfg = Release|Any CPU
		{B8B11013-43DA-4848-BC57-C026568F33B5}.Release|x86.Build.0 = Release|Any CPU
		{A9A2CF03-A4B9-4F7D-B921-B88E23B05D42}.Debug|Any CPU.ActiveCfg = Debug|Any CPU
		{A9A2CF03-A4B9-4F7D-B921-B88E23B05D42}.Debug|Any CPU.Build.0 = Debug|Any CPU
		{A9A2CF03-A4B9-4F7D-B921-B88E23B05D42}.Debug|x64.ActiveCfg = Debug|Any CPU
		{A9A2CF03-A4B9-4F7D-B921-B88E23B05D42}.Debug|x64.Build.0 = Debug|Any CPU
		{A9A2CF03-A4B9-4F7D-B921-B88E23B05D42}.Debug|x86.ActiveCfg = Debug|Any CPU
		{A9A2CF03-A4B9-4F7D-B921-B88E23B05D42}.Debug|x86.Build.0 = Debug|Any CPU
		{A9A2CF03-A4B9-4F7D-B921-B88E23B05D42}.Release|Any CPU.ActiveCfg = Release|Any CPU
		{A9A2CF03-A4B9-4F7D-B921-B88E23B05D42}.Release|Any CPU.Build.0 = Release|Any CPU
		{A9A2CF03-A4B9-4F7D-B921-B88E23B05D42}.Release|x64.ActiveCfg = Release|Any CPU
		{A9A2CF03-A4B9-4F7D-B921-B88E23B05D42}.Release|x64.Build.0 = Release|Any CPU
		{A9A2CF03-A4B9-4F7D-B921-B88E23B05D42}.Release|x86.ActiveCfg = Release|Any CPU
		{A9A2CF03-A4B9-4F7D-B921-B88E23B05D42}.Release|x86.Build.0 = Release|Any CPU
		{702F324B-ADB3-4945-A5EF-4791D1AD72E7}.Debug|Any CPU.ActiveCfg = Debug|Any CPU
		{702F324B-ADB3-4945-A5EF-4791D1AD72E7}.Debug|Any CPU.Build.0 = Debug|Any CPU
		{702F324B-ADB3-4945-A5EF-4791D1AD72E7}.Debug|x64.ActiveCfg = Debug|Any CPU
		{702F324B-ADB3-4945-A5EF-4791D1AD72E7}.Debug|x64.Build.0 = Debug|Any CPU
		{702F324B-ADB3-4945-A5EF-4791D1AD72E7}.Debug|x86.ActiveCfg = Debug|Any CPU
		{702F324B-ADB3-4945-A5EF-4791D1AD72E7}.Debug|x86.Build.0 = Debug|Any CPU
		{702F324B-ADB3-4945-A5EF-4791D1AD72E7}.Release|Any CPU.ActiveCfg = Release|Any CPU
		{702F324B-ADB3-4945-A5EF-4791D1AD72E7}.Release|Any CPU.Build.0 = Release|Any CPU
		{702F324B-ADB3-4945-A5EF-4791D1AD72E7}.Release|x64.ActiveCfg = Release|Any CPU
		{702F324B-ADB3-4945-A5EF-4791D1AD72E7}.Release|x64.Build.0 = Release|Any CPU
		{702F324B-ADB3-4945-A5EF-4791D1AD72E7}.Release|x86.ActiveCfg = Release|Any CPU
		{702F324B-ADB3-4945-A5EF-4791D1AD72E7}.Release|x86.Build.0 = Release|Any CPU
		{6B7D4109-0082-406B-AE2F-61BE4F1946D4}.Debug|Any CPU.ActiveCfg = Debug|Any CPU
		{6B7D4109-0082-406B-AE2F-61BE4F1946D4}.Debug|Any CPU.Build.0 = Debug|Any CPU
		{6B7D4109-0082-406B-AE2F-61BE4F1946D4}.Debug|x64.ActiveCfg = Debug|Any CPU
		{6B7D4109-0082-406B-AE2F-61BE4F1946D4}.Debug|x64.Build.0 = Debug|Any CPU
		{6B7D4109-0082-406B-AE2F-61BE4F1946D4}.Debug|x86.ActiveCfg = Debug|Any CPU
		{6B7D4109-0082-406B-AE2F-61BE4F1946D4}.Debug|x86.Build.0 = Debug|Any CPU
		{6B7D4109-0082-406B-AE2F-61BE4F1946D4}.Release|Any CPU.ActiveCfg = Release|Any CPU
		{6B7D4109-0082-406B-AE2F-61BE4F1946D4}.Release|Any CPU.Build.0 = Release|Any CPU
		{6B7D4109-0082-406B-AE2F-61BE4F1946D4}.Release|x64.ActiveCfg = Release|Any CPU
		{6B7D4109-0082-406B-AE2F-61BE4F1946D4}.Release|x64.Build.0 = Release|Any CPU
		{6B7D4109-0082-406B-AE2F-61BE4F1946D4}.Release|x86.ActiveCfg = Release|Any CPU
		{6B7D4109-0082-406B-AE2F-61BE4F1946D4}.Release|x86.Build.0 = Release|Any CPU
		{EAB1F5B4-2DA1-4ECC-A0DD-25BE91BB85B6}.Debug|Any CPU.ActiveCfg = Debug|Any CPU
		{EAB1F5B4-2DA1-4ECC-A0DD-25BE91BB85B6}.Debug|Any CPU.Build.0 = Debug|Any CPU
		{EAB1F5B4-2DA1-4ECC-A0DD-25BE91BB85B6}.Debug|x64.ActiveCfg = Debug|Any CPU
		{EAB1F5B4-2DA1-4ECC-A0DD-25BE91BB85B6}.Debug|x64.Build.0 = Debug|Any CPU
		{EAB1F5B4-2DA1-4ECC-A0DD-25BE91BB85B6}.Debug|x86.ActiveCfg = Debug|Any CPU
		{EAB1F5B4-2DA1-4ECC-A0DD-25BE91BB85B6}.Debug|x86.Build.0 = Debug|Any CPU
		{EAB1F5B4-2DA1-4ECC-A0DD-25BE91BB85B6}.Release|Any CPU.ActiveCfg = Release|Any CPU
		{EAB1F5B4-2DA1-4ECC-A0DD-25BE91BB85B6}.Release|Any CPU.Build.0 = Release|Any CPU
		{EAB1F5B4-2DA1-4ECC-A0DD-25BE91BB85B6}.Release|x64.ActiveCfg = Release|Any CPU
		{EAB1F5B4-2DA1-4ECC-A0DD-25BE91BB85B6}.Release|x64.Build.0 = Release|Any CPU
		{EAB1F5B4-2DA1-4ECC-A0DD-25BE91BB85B6}.Release|x86.ActiveCfg = Release|Any CPU
		{EAB1F5B4-2DA1-4ECC-A0DD-25BE91BB85B6}.Release|x86.Build.0 = Release|Any CPU
		{4DD288FB-F47D-47AE-A712-B451239716D8}.Debug|Any CPU.ActiveCfg = Debug|Any CPU
		{4DD288FB-F47D-47AE-A712-B451239716D8}.Debug|Any CPU.Build.0 = Debug|Any CPU
		{4DD288FB-F47D-47AE-A712-B451239716D8}.Debug|x64.ActiveCfg = Debug|Any CPU
		{4DD288FB-F47D-47AE-A712-B451239716D8}.Debug|x64.Build.0 = Debug|Any CPU
		{4DD288FB-F47D-47AE-A712-B451239716D8}.Debug|x86.ActiveCfg = Debug|Any CPU
		{4DD288FB-F47D-47AE-A712-B451239716D8}.Debug|x86.Build.0 = Debug|Any CPU
		{4DD288FB-F47D-47AE-A712-B451239716D8}.Release|Any CPU.ActiveCfg = Release|Any CPU
		{4DD288FB-F47D-47AE-A712-B451239716D8}.Release|Any CPU.Build.0 = Release|Any CPU
		{4DD288FB-F47D-47AE-A712-B451239716D8}.Release|x64.ActiveCfg = Release|Any CPU
		{4DD288FB-F47D-47AE-A712-B451239716D8}.Release|x64.Build.0 = Release|Any CPU
		{4DD288FB-F47D-47AE-A712-B451239716D8}.Release|x86.ActiveCfg = Release|Any CPU
		{4DD288FB-F47D-47AE-A712-B451239716D8}.Release|x86.Build.0 = Release|Any CPU
		{484E97B4-1505-49B9-A21F-B8B649D61BE9}.Debug|Any CPU.ActiveCfg = Debug|Any CPU
		{484E97B4-1505-49B9-A21F-B8B649D61BE9}.Debug|Any CPU.Build.0 = Debug|Any CPU
		{484E97B4-1505-49B9-A21F-B8B649D61BE9}.Debug|x64.ActiveCfg = Debug|Any CPU
		{484E97B4-1505-49B9-A21F-B8B649D61BE9}.Debug|x64.Build.0 = Debug|Any CPU
		{484E97B4-1505-49B9-A21F-B8B649D61BE9}.Debug|x86.ActiveCfg = Debug|Any CPU
		{484E97B4-1505-49B9-A21F-B8B649D61BE9}.Debug|x86.Build.0 = Debug|Any CPU
		{484E97B4-1505-49B9-A21F-B8B649D61BE9}.Release|Any CPU.ActiveCfg = Release|Any CPU
		{484E97B4-1505-49B9-A21F-B8B649D61BE9}.Release|Any CPU.Build.0 = Release|Any CPU
		{484E97B4-1505-49B9-A21F-B8B649D61BE9}.Release|x64.ActiveCfg = Release|Any CPU
		{484E97B4-1505-49B9-A21F-B8B649D61BE9}.Release|x64.Build.0 = Release|Any CPU
		{484E97B4-1505-49B9-A21F-B8B649D61BE9}.Release|x86.ActiveCfg = Release|Any CPU
		{484E97B4-1505-49B9-A21F-B8B649D61BE9}.Release|x86.Build.0 = Release|Any CPU
	EndGlobalSection
	GlobalSection(SolutionProperties) = preSolution
		HideSolutionNode = FALSE
	EndGlobalSection
	GlobalSection(NestedProjects) = preSolution
		{522EE01F-BC87-495A-8818-B1C20A7BF03B} = {827E0CD3-B72D-47B6-A68D-7590B98EB39B}
		{E3E294BB-9206-4803-A6FF-85667C38C2AA} = {827E0CD3-B72D-47B6-A68D-7590B98EB39B}
		{B8B11013-43DA-4848-BC57-C026568F33B5} = {827E0CD3-B72D-47B6-A68D-7590B98EB39B}
		{A9A2CF03-A4B9-4F7D-B921-B88E23B05D42} = {827E0CD3-B72D-47B6-A68D-7590B98EB39B}
		{6B7D4109-0082-406B-AE2F-61BE4F1946D4} = {827E0CD3-B72D-47B6-A68D-7590B98EB39B}
		{EAB1F5B4-2DA1-4ECC-A0DD-25BE91BB85B6} = {9123F88B-E531-3118-42D7-ED8CEF4BD00E}
		{4DD288FB-F47D-47AE-A712-B451239716D8} = {9123F88B-E531-3118-42D7-ED8CEF4BD00E}
		{484E97B4-1505-49B9-A21F-B8B649D61BE9} = {827E0CD3-B72D-47B6-A68D-7590B98EB39B}
	EndGlobalSection
	GlobalSection(ExtensibilityGlobals) = postSolution
		SolutionGuid = {801A14E9-39CA-40D3-B2A0-0129F15A19BD}
	EndGlobalSection
EndGlobal
